{
  "requires": true,
  "lockfileVersion": 1,
  "dependencies": {
    "heap-js": {
      "version": "2.1.4",
      "resolved": "https://registry.npmjs.org/heap-js/-/heap-js-2.1.4.tgz",
      "integrity": "sha512-BTqPQI5dN24wC+wiAEC3VWtHnGNH2fh64TGzlVr1a7Smp6bNdzezpybYUBw8/ZRvlh+qUylPE1YJbnWEx3Ge/g=="
    }
  }
}
